
Microsoft Visual Studio Solution File, Format Version 10.00
# Visual Studio 2008
Project("{FAE04EC0-301F-11D3-BF4B-00C04F79EFBC}") = "TP", "TP\TP.csproj", "{94582E57-515C-4C50-BE6D-DBA700090C8C}"
EndProject
Project("{FAE04EC0-301F-11D3-BF4B-00C04F79EFBC}") = "UICommon", "UICommon\UICommon.csproj", "{25D0E44E-94EB-40AD-8425-A637E5524338}"
EndProject
Project("{FAE04EC0-301F-11D3-BF4B-00C04F79EFBC}") = "Oleg_ivo.HighLevelClient", "Oleg_ivo.Client\Oleg_ivo.HighLevelClient.csproj", "{D3640EED-9D98-4EBC-9F8B-98B74B67ED21}"
EndProject
Project("{FAE04EC0-301F-11D3-BF4B-00C04F79EFBC}") = "DMS.Common", "DMS.Common\DMS.Common.csproj", "{02BA939D-826A-4D6E-8B42-414AF3F6C7CE}"
EndProject
Project("{FAE04EC0-301F-11D3-BF4B-00C04F79EFBC}") = "EmulationClient", "EmulationClient\EmulationClient.csproj", "{6F65DF76-B2BE-4D5E-BF23-BA955F228326}"
EndProject
Project("{FAE04EC0-301F-11D3-BF4B-00C04F79EFBC}") = "Oleg_ivo.LowLevelClient", "Oleg_ivo.LowLevelClient\Oleg_ivo.LowLevelClient.csproj", "{E4A5FB38-CE2F-4096-AA67-255D0CE35C0A}"
EndProject
Project("{FAE04EC0-301F-11D3-BF4B-00C04F79EFBC}") = "Oleg_ivo.Plc", "Oleg_ivo.Plc\Oleg_ivo.Plc.csproj", "{69B7862C-FA74-4ED5-A0F7-BF7216204016}"
EndProject
Project("{FAE04EC0-301F-11D3-BF4B-00C04F79EFBC}") = "Oleg_ivo.MES", "Oleg_ivo.MES\Oleg_ivo.MES.csproj", "{32ED0AE8-E249-4FC1-A1E1-86705DFB133B}"
EndProject
Project("{FAE04EC0-301F-11D3-BF4B-00C04F79EFBC}") = "Oleg_ivo.CMU", "Oleg_ivo.CMU\Oleg_ivo.CMU.csproj", "{3DF6EC27-8635-47FF-B5B6-EFCFD079A83E}"
EndProject
Project("{FAE04EC0-301F-11D3-BF4B-00C04F79EFBC}") = "Oleg_ivo.WAGO", "Oleg_ivo.WAGO\Oleg_ivo.WAGO.csproj", "{79953745-7102-46D2-B9D9-5459EDC21ADB}"
EndProject
Project("{FAE04EC0-301F-11D3-BF4B-00C04F79EFBC}") = "Oleg_ivo.HighLevelClient.UI", "Oleg_ivo.Client.UI\Oleg_ivo.HighLevelClient.UI.csproj", "{6A7CE610-0249-415B-A0F4-C21A16C6D574}"
EndProject
Project("{FAE04EC0-301F-11D3-BF4B-00C04F79EFBC}") = "UICommon.WPF", "UICommon.WPF\UICommon.WPF.csproj", "{46D87FCA-8216-4BA1-81C6-8288641B573E}"
EndProject
Project("{FAE04EC0-301F-11D3-BF4B-00C04F79EFBC}") = "TP.WPF", "TP.WPF\TP.WPF.csproj", "{1302B0C4-6D10-4647-8A1D-D5F396024F10}"
EndProject
Project("{FAE04EC0-301F-11D3-BF4B-00C04F79EFBC}") = "Oleg_ivo.Tools", "External\Oleg_ivo.Tools\Oleg_ivo.Tools.csproj", "{332A1894-922F-49A1-BD6A-E4E981FA2FEC}"
EndProject
Global
	GlobalSection(SolutionConfigurationPlatforms) = preSolution
		Debug|Any CPU = Debug|Any CPU
		Debug|x86 = Debug|x86
		Release|Any CPU = Release|Any CPU
		Release|x86 = Release|x86
	EndGlobalSection
	GlobalSection(ProjectConfigurationPlatforms) = postSolution
		{94582E57-515C-4C50-BE6D-DBA700090C8C}.Debug|Any CPU.ActiveCfg = Debug|x86
		{94582E57-515C-4C50-BE6D-DBA700090C8C}.Debug|Any CPU.Build.0 = Debug|x86
		{94582E57-515C-4C50-BE6D-DBA700090C8C}.Debug|x86.ActiveCfg = Debug|x86
		{94582E57-515C-4C50-BE6D-DBA700090C8C}.Debug|x86.Build.0 = Debug|x86
		{94582E57-515C-4C50-BE6D-DBA700090C8C}.Release|Any CPU.ActiveCfg = Release|Any CPU
		{94582E57-515C-4C50-BE6D-DBA700090C8C}.Release|Any CPU.Build.0 = Release|Any CPU
		{94582E57-515C-4C50-BE6D-DBA700090C8C}.Release|x86.ActiveCfg = Release|x86
		{94582E57-515C-4C50-BE6D-DBA700090C8C}.Release|x86.Build.0 = Release|x86
		{25D0E44E-94EB-40AD-8425-A637E5524338}.Debug|Any CPU.ActiveCfg = Debug|x86
		{25D0E44E-94EB-40AD-8425-A637E5524338}.Debug|Any CPU.Build.0 = Debug|x86
		{25D0E44E-94EB-40AD-8425-A637E5524338}.Debug|x86.ActiveCfg = Debug|x86
		{25D0E44E-94EB-40AD-8425-A637E5524338}.Debug|x86.Build.0 = Debug|x86
		{25D0E44E-94EB-40AD-8425-A637E5524338}.Release|Any CPU.ActiveCfg = Release|Any CPU
		{25D0E44E-94EB-40AD-8425-A637E5524338}.Release|Any CPU.Build.0 = Release|Any CPU
		{25D0E44E-94EB-40AD-8425-A637E5524338}.Release|x86.ActiveCfg = Release|x86
		{25D0E44E-94EB-40AD-8425-A637E5524338}.Release|x86.Build.0 = Release|x86
		{D3640EED-9D98-4EBC-9F8B-98B74B67ED21}.Debug|Any CPU.ActiveCfg = Debug|x86
		{D3640EED-9D98-4EBC-9F8B-98B74B67ED21}.Debug|Any CPU.Build.0 = Debug|x86
		{D3640EED-9D98-4EBC-9F8B-98B74B67ED21}.Debug|x86.ActiveCfg = Debug|x86
		{D3640EED-9D98-4EBC-9F8B-98B74B67ED21}.Debug|x86.Build.0 = Debug|x86
		{D3640EED-9D98-4EBC-9F8B-98B74B67ED21}.Release|Any CPU.ActiveCfg = Release|Any CPU
		{D3640EED-9D98-4EBC-9F8B-98B74B67ED21}.Release|Any CPU.Build.0 = Release|Any CPU
		{D3640EED-9D98-4EBC-9F8B-98B74B67ED21}.Release|x86.ActiveCfg = Release|x86
		{D3640EED-9D98-4EBC-9F8B-98B74B67ED21}.Release|x86.Build.0 = Release|x86
		{02BA939D-826A-4D6E-8B42-414AF3F6C7CE}.Debug|Any CPU.ActiveCfg = Debug|x86
		{02BA939D-826A-4D6E-8B42-414AF3F6C7CE}.Debug|Any CPU.Build.0 = Debug|x86
		{02BA939D-826A-4D6E-8B42-414AF3F6C7CE}.Debug|x86.ActiveCfg = Debug|x86
		{02BA939D-826A-4D6E-8B42-414AF3F6C7CE}.Debug|x86.Build.0 = Debug|x86
		{02BA939D-826A-4D6E-8B42-414AF3F6C7CE}.Release|Any CPU.ActiveCfg = Release|Any CPU
		{02BA939D-826A-4D6E-8B42-414AF3F6C7CE}.Release|Any CPU.Build.0 = Release|Any CPU
		{02BA939D-826A-4D6E-8B42-414AF3F6C7CE}.Release|x86.ActiveCfg = Release|x86
		{02BA939D-826A-4D6E-8B42-414AF3F6C7CE}.Release|x86.Build.0 = Release|x86
		{6F65DF76-B2BE-4D5E-BF23-BA955F228326}.Debug|Any CPU.ActiveCfg = Debug|x86
		{6F65DF76-B2BE-4D5E-BF23-BA955F228326}.Debug|x86.ActiveCfg = Debug|x86
		{6F65DF76-B2BE-4D5E-BF23-BA955F228326}.Debug|x86.Build.0 = Debug|x86
		{6F65DF76-B2BE-4D5E-BF23-BA955F228326}.Release|Any CPU.ActiveCfg = Release|Any CPU
		{6F65DF76-B2BE-4D5E-BF23-BA955F228326}.Release|Any CPU.Build.0 = Release|Any CPU
		{6F65DF76-B2BE-4D5E-BF23-BA955F228326}.Release|x86.ActiveCfg = Release|x86
		{6F65DF76-B2BE-4D5E-BF23-BA955F228326}.Release|x86.Build.0 = Release|x86
		{E4A5FB38-CE2F-4096-AA67-255D0CE35C0A}.Debug|Any CPU.ActiveCfg = Debug|x86
		{E4A5FB38-CE2F-4096-AA67-255D0CE35C0A}.Debug|Any CPU.Build.0 = Debug|x86
		{E4A5FB38-CE2F-4096-AA67-255D0CE35C0A}.Debug|x86.ActiveCfg = Debug|x86
		{E4A5FB38-CE2F-4096-AA67-255D0CE35C0A}.Debug|x86.Build.0 = Debug|x86
		{E4A5FB38-CE2F-4096-AA67-255D0CE35C0A}.Release|Any CPU.ActiveCfg = Release|Any CPU
		{E4A5FB38-CE2F-4096-AA67-255D0CE35C0A}.Release|Any CPU.Build.0 = Release|Any CPU
		{E4A5FB38-CE2F-4096-AA67-255D0CE35C0A}.Release|x86.ActiveCfg = Release|x86
		{E4A5FB38-CE2F-4096-AA67-255D0CE35C0A}.Release|x86.Build.0 = Release|x86
		{69B7862C-FA74-4ED5-A0F7-BF7216204016}.Debug|Any CPU.ActiveCfg = Debug|x86
		{69B7862C-FA74-4ED5-A0F7-BF7216204016}.Debug|Any CPU.Build.0 = Debug|x86
		{69B7862C-FA74-4ED5-A0F7-BF7216204016}.Debug|x86.ActiveCfg = Debug|x86
		{69B7862C-FA74-4ED5-A0F7-BF7216204016}.Debug|x86.Build.0 = Debug|x86
		{69B7862C-FA74-4ED5-A0F7-BF7216204016}.Release|Any CPU.ActiveCfg = Release|Any CPU
		{69B7862C-FA74-4ED5-A0F7-BF7216204016}.Release|Any CPU.Build.0 = Release|Any CPU
		{69B7862C-FA74-4ED5-A0F7-BF7216204016}.Release|x86.ActiveCfg = Release|x86
		{69B7862C-FA74-4ED5-A0F7-BF7216204016}.Release|x86.Build.0 = Release|x86
		{32ED0AE8-E249-4FC1-A1E1-86705DFB133B}.Debug|Any CPU.ActiveCfg = Debug|x86
		{32ED0AE8-E249-4FC1-A1E1-86705DFB133B}.Debug|Any CPU.Build.0 = Debug|x86
		{32ED0AE8-E249-4FC1-A1E1-86705DFB133B}.Debug|x86.ActiveCfg = Debug|x86
		{32ED0AE8-E249-4FC1-A1E1-86705DFB133B}.Debug|x86.Build.0 = Debug|x86
		{32ED0AE8-E249-4FC1-A1E1-86705DFB133B}.Release|Any CPU.ActiveCfg = Release|Any CPU
		{32ED0AE8-E249-4FC1-A1E1-86705DFB133B}.Release|Any CPU.Build.0 = Release|Any CPU
		{32ED0AE8-E249-4FC1-A1E1-86705DFB133B}.Release|x86.ActiveCfg = Release|x86
		{32ED0AE8-E249-4FC1-A1E1-86705DFB133B}.Release|x86.Build.0 = Release|x86
		{3DF6EC27-8635-47FF-B5B6-EFCFD079A83E}.Debug|Any CPU.ActiveCfg = Debug|x86
		{3DF6EC27-8635-47FF-B5B6-EFCFD079A83E}.Debug|Any CPU.Build.0 = Debug|x86
		{3DF6EC27-8635-47FF-B5B6-EFCFD079A83E}.Debug|x86.ActiveCfg = Debug|x86
		{3DF6EC27-8635-47FF-B5B6-EFCFD079A83E}.Debug|x86.Build.0 = Debug|x86
		{3DF6EC27-8635-47FF-B5B6-EFCFD079A83E}.Release|Any CPU.ActiveCfg = Release|Any CPU
		{3DF6EC27-8635-47FF-B5B6-EFCFD079A83E}.Release|Any CPU.Build.0 = Release|Any CPU
		{3DF6EC27-8635-47FF-B5B6-EFCFD079A83E}.Release|x86.ActiveCfg = Release|x86
		{3DF6EC27-8635-47FF-B5B6-EFCFD079A83E}.Release|x86.Build.0 = Release|x86
		{79953745-7102-46D2-B9D9-5459EDC21ADB}.Debug|Any CPU.ActiveCfg = Debug|x86
		{79953745-7102-46D2-B9D9-5459EDC21ADB}.Debug|Any CPU.Build.0 = Debug|x86
		{79953745-7102-46D2-B9D9-5459EDC21ADB}.Debug|x86.ActiveCfg = Debug|x86
		{79953745-7102-46D2-B9D9-5459EDC21ADB}.Debug|x86.Build.0 = Debug|x86
		{79953745-7102-46D2-B9D9-5459EDC21ADB}.Release|Any CPU.ActiveCfg = Release|Any CPU
		{79953745-7102-46D2-B9D9-5459EDC21ADB}.Release|Any CPU.Build.0 = Release|Any CPU
		{79953745-7102-46D2-B9D9-5459EDC21ADB}.Release|x86.ActiveCfg = Release|x86
		{79953745-7102-46D2-B9D9-5459EDC21ADB}.Release|x86.Build.0 = Release|x86
		{6A7CE610-0249-415B-A0F4-C21A16C6D574}.Debug|Any CPU.ActiveCfg = Debug|x86
		{6A7CE610-0249-415B-A0F4-C21A16C6D574}.Debug|Any CPU.Build.0 = Debug|x86
		{6A7CE610-0249-415B-A0F4-C21A16C6D574}.Debug|x86.ActiveCfg = Debug|x86
		{6A7CE610-0249-415B-A0F4-C21A16C6D574}.Debug|x86.Build.0 = Debug|x86
		{6A7CE610-0249-415B-A0F4-C21A16C6D574}.Release|Any CPU.ActiveCfg = Release|Any CPU
		{6A7CE610-0249-415B-A0F4-C21A16C6D574}.Release|Any CPU.Build.0 = Release|Any CPU
		{6A7CE610-0249-415B-A0F4-C21A16C6D574}.Release|x86.ActiveCfg = Release|x86
		{6A7CE610-0249-415B-A0F4-C21A16C6D574}.Release|x86.Build.0 = Release|x86
		{46D87FCA-8216-4BA1-81C6-8288641B573E}.Debug|Any CPU.ActiveCfg = Debug|Any CPU
		{46D87FCA-8216-4BA1-81C6-8288641B573E}.Debug|Any CPU.Build.0 = Debug|Any CPU
		{46D87FCA-8216-4BA1-81C6-8288641B573E}.Debug|x86.ActiveCfg = Debug|Any CPU
		{46D87FCA-8216-4BA1-81C6-8288641B573E}.Release|Any CPU.ActiveCfg = Release|Any CPU
		{46D87FCA-8216-4BA1-81C6-8288641B573E}.Release|x86.ActiveCfg = Release|Any CPU
		{1302B0C4-6D10-4647-8A1D-D5F396024F10}.Debug|Any CPU.ActiveCfg = Debug|Any CPU
		{1302B0C4-6D10-4647-8A1D-D5F396024F10}.Debug|Any CPU.Build.0 = Debug|Any CPU
		{1302B0C4-6D10-4647-8A1D-D5F396024F10}.Debug|x86.ActiveCfg = Debug|Any CPU
		{1302B0C4-6D10-4647-8A1D-D5F396024F10}.Release|Any CPU.ActiveCfg = Release|Any CPU
		{1302B0C4-6D10-4647-8A1D-D5F396024F10}.Release|x86.ActiveCfg = Release|Any CPU
		{332A1894-922F-49A1-BD6A-E4E981FA2FEC}.Debug|Any CPU.ActiveCfg = Debug|Any CPU
		{332A1894-922F-49A1-BD6A-E4E981FA2FEC}.Debug|Any CPU.Build.0 = Debug|Any CPU
		{332A1894-922F-49A1-BD6A-E4E981FA2FEC}.Debug|x86.ActiveCfg = Debug|x86
		{332A1894-922F-49A1-BD6A-E4E981FA2FEC}.Debug|x86.Build.0 = Debug|x86
		{332A1894-922F-49A1-BD6A-E4E981FA2FEC}.Release|Any CPU.ActiveCfg = Release|Any CPU
		{332A1894-922F-49A1-BD6A-E4E981FA2FEC}.Release|Any CPU.Build.0 = Release|Any CPU
		{332A1894-922F-49A1-BD6A-E4E981FA2FEC}.Release|x86.ActiveCfg = Release|x86
		{332A1894-922F-49A1-BD6A-E4E981FA2FEC}.Release|x86.Build.0 = Release|x86
	EndGlobalSection
	GlobalSection(SolutionProperties) = preSolution
		HideSolutionNode = FALSE
	EndGlobalSection
	GlobalSection(ExtensibilityGlobals) = postSolution
		VisualSVNWorkingCopyRoot = .
	EndGlobalSection
EndGlobal
