
Microsoft Visual Studio Solution File, Format Version 11.00
# Visual Studio 2010
Project("{C8D11400-126E-41CD-887F-60BD40844F9E}") = "PlcDatabase", "PlcDatabase\PlcDatabase.dbproj", "{15A5AB78-CE14-4479-A4F9-95B4A44F82CD}"
EndProject
Global
	GlobalSection(SolutionConfigurationPlatforms) = preSolution
		Default|Any CPU = Default|Any CPU
	EndGlobalSection
	GlobalSection(ProjectConfigurationPlatforms) = postSolution
		{15A5AB78-CE14-4479-A4F9-95B4A44F82CD}.Default|Any CPU.ActiveCfg = Default|Any CPU
		{15A5AB78-CE14-4479-A4F9-95B4A44F82CD}.Default|Any CPU.Build.0 = Default|Any CPU
		{15A5AB78-CE14-4479-A4F9-95B4A44F82CD}.Default|Any CPU.Deploy.0 = Default|Any CPU
	EndGlobalSection
	GlobalSection(SolutionProperties) = preSolution
		HideSolutionNode = FALSE
	EndGlobalSection
	GlobalSection(ExtensibilityGlobals) = postSolution
		VisualSVNWorkingCopyRoot = .
	EndGlobalSection
EndGlobal
