
Microsoft Visual Studio Solution File, Format Version 10.00
# Visual Studio 2008
Project("{FAE04EC0-301F-11D3-BF4B-00C04F79EFBC}") = "TP", "TP\TP.csproj", "{1302B0C4-6D10-4647-8A1D-D5F396024F10}"
EndProject
Project("{FAE04EC0-301F-11D3-BF4B-00C04F79EFBC}") = "UICommon", "UICommon\UICommon.csproj", "{25D0E44E-94EB-40AD-8425-A637E5524338}"
EndProject
Project("{FAE04EC0-301F-11D3-BF4B-00C04F79EFBC}") = "UICommonWPF", "UICommonWPF\UICommonWPF.csproj", "{46D87FCA-8216-4BA1-81C6-8288641B573E}"
EndProject
Global
	GlobalSection(SolutionConfigurationPlatforms) = preSolution
		Debug|Any CPU = Debug|Any CPU
		Release|Any CPU = Release|Any CPU
	EndGlobalSection
	GlobalSection(ProjectConfigurationPlatforms) = postSolution
		{1302B0C4-6D10-4647-8A1D-D5F396024F10}.Debug|Any CPU.ActiveCfg = Debug|Any CPU
		{1302B0C4-6D10-4647-8A1D-D5F396024F10}.Debug|Any CPU.Build.0 = Debug|Any CPU
		{1302B0C4-6D10-4647-8A1D-D5F396024F10}.Release|Any CPU.ActiveCfg = Release|Any CPU
		{1302B0C4-6D10-4647-8A1D-D5F396024F10}.Release|Any CPU.Build.0 = Release|Any CPU
		{25D0E44E-94EB-40AD-8425-A637E5524338}.Debug|Any CPU.ActiveCfg = Debug|Any CPU
		{25D0E44E-94EB-40AD-8425-A637E5524338}.Debug|Any CPU.Build.0 = Debug|Any CPU
		{25D0E44E-94EB-40AD-8425-A637E5524338}.Release|Any CPU.ActiveCfg = Release|Any CPU
		{25D0E44E-94EB-40AD-8425-A637E5524338}.Release|Any CPU.Build.0 = Release|Any CPU
		{46D87FCA-8216-4BA1-81C6-8288641B573E}.Debug|Any CPU.ActiveCfg = Debug|Any CPU
		{46D87FCA-8216-4BA1-81C6-8288641B573E}.Debug|Any CPU.Build.0 = Debug|Any CPU
		{46D87FCA-8216-4BA1-81C6-8288641B573E}.Release|Any CPU.ActiveCfg = Release|Any CPU
		{46D87FCA-8216-4BA1-81C6-8288641B573E}.Release|Any CPU.Build.0 = Release|Any CPU
	EndGlobalSection
	GlobalSection(SolutionProperties) = preSolution
		HideSolutionNode = FALSE
	EndGlobalSection
	GlobalSection(ExtensibilityGlobals) = postSolution
		VisualSVNWorkingCopyRoot = .
	EndGlobalSection
EndGlobal
